// !$*UTF8*$!
{
	archiveVersion = 1;
	classes = {
	};
	objectVersion = 51;
	objects = {

/* Begin PBXBuildFile section */
		501CAC3F6C9A701D0CA5EE3D /* Pods_WoocommerceApp_WoocommerceAppUITests.framework in Frameworks */ = {isa = PBXBuildFile; fileRef = 0414C850C88AEC0F98A81BE1 /* Pods_WoocommerceApp_WoocommerceAppUITests.framework */; };
		6A23199926B2B6C400685864 /* CategoriesCollectionViewCell.swift in Sources */ = {isa = PBXBuildFile; fileRef = 6A23199826B2B6C400685864 /* CategoriesCollectionViewCell.swift */; };
		6A2319A126B2B7C200685864 /* Constants.swift in Sources */ = {isa = PBXBuildFile; fileRef = 6A23199E26B2B7C200685864 /* Constants.swift */; };
		6A2319A226B2B7C200685864 /* WebApi.swift in Sources */ = {isa = PBXBuildFile; fileRef = 6A23199F26B2B7C200685864 /* WebApi.swift */; };
		6A2319A326B2B7C200685864 /* HttpClient.swift in Sources */ = {isa = PBXBuildFile; fileRef = 6A2319A026B2B7C200685864 /* HttpClient.swift */; };
		6A2319A926B2B9E300685864 /* CategoriesModel.swift in Sources */ = {isa = PBXBuildFile; fileRef = 6A2319A826B2B9E300685864 /* CategoriesModel.swift */; };
		6A2319DF26B2BC9A00685864 /* UtilityFunctions.swift in Sources */ = {isa = PBXBuildFile; fileRef = 6A2319DB26B2BC9A00685864 /* UtilityFunctions.swift */; };
		6A2319E026B2BC9A00685864 /* NetworkManager.swift in Sources */ = {isa = PBXBuildFile; fileRef = 6A2319DC26B2BC9A00685864 /* NetworkManager.swift */; };
		6A2319E126B2BC9A00685864 /* UIWindowTransitionsManager.swift in Sources */ = {isa = PBXBuildFile; fileRef = 6A2319DD26B2BC9A00685864 /* UIWindowTransitionsManager.swift */; };
		6A2319E226B2BC9A00685864 /* Reachabilty.swift in Sources */ = {isa = PBXBuildFile; fileRef = 6A2319DE26B2BC9A00685864 /* Reachabilty.swift */; };
		6A2319E726B2D78500685864 /* Extensions.swift in Sources */ = {isa = PBXBuildFile; fileRef = 6A2319E626B2D78400685864 /* Extensions.swift */; };
		6A3A459026BA8116003867B0 /* ShopViewController.swift in Sources */ = {isa = PBXBuildFile; fileRef = 6A3A458F26BA8116003867B0 /* ShopViewController.swift */; };
		6A3A459526BAA044003867B0 /* ProductsCollectionViewCell.swift in Sources */ = {isa = PBXBuildFile; fileRef = 6A3A459426BAA044003867B0 /* ProductsCollectionViewCell.swift */; };
		6A3A45A426BAA357003867B0 /* ProductModel.swift in Sources */ = {isa = PBXBuildFile; fileRef = 6A3A45A326BAA357003867B0 /* ProductModel.swift */; };
		6A3A45D726BAC16A003867B0 /* MenuTableViewCell.swift in Sources */ = {isa = PBXBuildFile; fileRef = 6A3A45D626BAC16A003867B0 /* MenuTableViewCell.swift */; };
		6A3A45E126BAD703003867B0 /* ShopMenuCollectionViewCell.swift in Sources */ = {isa = PBXBuildFile; fileRef = 6A3A45E026BAD703003867B0 /* ShopMenuCollectionViewCell.swift */; };
		6A3A45ED26BAD814003867B0 /* ShopMenuViewController.swift in Sources */ = {isa = PBXBuildFile; fileRef = 6A3A45EC26BAD814003867B0 /* ShopMenuViewController.swift */; };
		6A3A461526BAE4CE003867B0 /* ContentViewController1.swift in Sources */ = {isa = PBXBuildFile; fileRef = 6A3A461426BAE4CE003867B0 /* ContentViewController1.swift */; };
		6A438A6726B3E50000C15004 /* SettingViewController.swift in Sources */ = {isa = PBXBuildFile; fileRef = 6A438A6626B3E50000C15004 /* SettingViewController.swift */; };
		6A4E33FB26BBD6DD00BC8D0E /* BaseViewController.swift in Sources */ = {isa = PBXBuildFile; fileRef = 6A4E33FA26BBD6DD00BC8D0E /* BaseViewController.swift */; };
		6A4E348E26BC17EA00BC8D0E /* BasicCell.swift in Sources */ = {isa = PBXBuildFile; fileRef = 6A4E348826BC17E900BC8D0E /* BasicCell.swift */; };
		6A4E348F26BC17EA00BC8D0E /* ContentVC.swift in Sources */ = {isa = PBXBuildFile; fileRef = 6A4E348926BC17E900BC8D0E /* ContentVC.swift */; };
		6A4E349126BC17EA00BC8D0E /* PageControllerVC.swift in Sources */ = {isa = PBXBuildFile; fileRef = 6A4E348B26BC17EA00BC8D0E /* PageControllerVC.swift */; };
		6A4E349226BC17EA00BC8D0E /* MenuTabsView.swift in Sources */ = {isa = PBXBuildFile; fileRef = 6A4E348C26BC17EA00BC8D0E /* MenuTabsView.swift */; };
		6A4E349326BC17EA00BC8D0E /* ViewController.swift in Sources */ = {isa = PBXBuildFile; fileRef = 6A4E348D26BC17EA00BC8D0E /* ViewController.swift */; };
		6A4F918E26B95A7C007BD473 /* ItemViewController.swift in Sources */ = {isa = PBXBuildFile; fileRef = 6A4F918B26B95A7C007BD473 /* ItemViewController.swift */; };
		6A4F918F26B95A7C007BD473 /* TestViewController.swift in Sources */ = {isa = PBXBuildFile; fileRef = 6A4F918C26B95A7C007BD473 /* TestViewController.swift */; };
		6A4F919026B95A7C007BD473 /* MainViewController.swift in Sources */ = {isa = PBXBuildFile; fileRef = 6A4F918D26B95A7C007BD473 /* MainViewController.swift */; };
		6A678E8026B1600F00ACD2FA /* AppDelegate.swift in Sources */ = {isa = PBXBuildFile; fileRef = 6A678E7F26B1600F00ACD2FA /* AppDelegate.swift */; };
		6A678E8226B1600F00ACD2FA /* SceneDelegate.swift in Sources */ = {isa = PBXBuildFile; fileRef = 6A678E8126B1600F00ACD2FA /* SceneDelegate.swift */; };
		6A678E8726B1600F00ACD2FA /* Main.storyboard in Resources */ = {isa = PBXBuildFile; fileRef = 6A678E8526B1600F00ACD2FA /* Main.storyboard */; };
		6A678E8926B1601000ACD2FA /* Assets.xcassets in Resources */ = {isa = PBXBuildFile; fileRef = 6A678E8826B1601000ACD2FA /* Assets.xcassets */; };
		6A678E8C26B1601000ACD2FA /* LaunchScreen.storyboard in Resources */ = {isa = PBXBuildFile; fileRef = 6A678E8A26B1601000ACD2FA /* LaunchScreen.storyboard */; };
		6A678E9726B1601000ACD2FA /* WoocommerceAppTests.swift in Sources */ = {isa = PBXBuildFile; fileRef = 6A678E9626B1601000ACD2FA /* WoocommerceAppTests.swift */; };
		6A678EA226B1601000ACD2FA /* WoocommerceAppUITests.swift in Sources */ = {isa = PBXBuildFile; fileRef = 6A678EA126B1601000ACD2FA /* WoocommerceAppUITests.swift */; };
		6A678EBE26B1682000ACD2FA /* HomeViewController.swift in Sources */ = {isa = PBXBuildFile; fileRef = 6A678EBD26B1682000ACD2FA /* HomeViewController.swift */; };
		6A678ED926B16D6000ACD2FA /* LeftViewController.swift in Sources */ = {isa = PBXBuildFile; fileRef = 6A678ED826B16D6000ACD2FA /* LeftViewController.swift */; };
		6A678EF226B172D900ACD2FA /* SideMenuController.swift in Sources */ = {isa = PBXBuildFile; fileRef = 6A678EF126B172D900ACD2FA /* SideMenuController.swift */; };
		6A678EF726B1760A00ACD2FA /* Helper.swift in Sources */ = {isa = PBXBuildFile; fileRef = 6A678EF626B1760A00ACD2FA /* Helper.swift */; };
		6A905CC326B193C5009CDF01 /* AppConfig.swift in Sources */ = {isa = PBXBuildFile; fileRef = 6A905CC226B193C5009CDF01 /* AppConfig.swift */; };
		6AAE60C426BD70DB00EDEE12 /* loadingcard.json in Resources */ = {isa = PBXBuildFile; fileRef = 6AAE60C326BD70DB00EDEE12 /* loadingcard.json */; };
		6AAE60CB26BD828500EDEE12 /* LeftViewCell.swift in Sources */ = {isa = PBXBuildFile; fileRef = 6AAE60C926BD828500EDEE12 /* LeftViewCell.swift */; };
		6AAE60CC26BD828500EDEE12 /* LeftViewCellBackgroundView.swift in Sources */ = {isa = PBXBuildFile; fileRef = 6AAE60CA26BD828500EDEE12 /* LeftViewCellBackgroundView.swift */; };
		6ABA729F26BD44C400A864D1 /* DataManager.swift in Sources */ = {isa = PBXBuildFile; fileRef = 6ABA729E26BD44C400A864D1 /* DataManager.swift */; };
		6ABA72A426BD514800A864D1 /* CommonMethods.swift in Sources */ = {isa = PBXBuildFile; fileRef = 6ABA72A326BD514800A864D1 /* CommonMethods.swift */; };
		6ABA72D426BD6A6200A864D1 /* loder.json in Resources */ = {isa = PBXBuildFile; fileRef = 6ABA72D326BD6A6200A864D1 /* loder.json */; };
		9F4C518213C2CF6823A66E5F /* Pods_WoocommerceApp.framework in Frameworks */ = {isa = PBXBuildFile; fileRef = A133E5C176CBA08A3E19D06D /* Pods_WoocommerceApp.framework */; };
		F7513545583535F3BA586061 /* Pods_WoocommerceAppTests.framework in Frameworks */ = {isa = PBXBuildFile; fileRef = 790CE2E8A9363CD2ED35BE5D /* Pods_WoocommerceAppTests.framework */; };
/* End PBXBuildFile section */

/* Begin PBXContainerItemProxy section */
		6A678E9326B1601000ACD2FA /* PBXContainerItemProxy */ = {
			isa = PBXContainerItemProxy;
			containerPortal = 6A678E7426B1600F00ACD2FA /* Project object */;
			proxyType = 1;
			remoteGlobalIDString = 6A678E7B26B1600F00ACD2FA;
			remoteInfo = WoocommerceApp;
		};
		6A678E9E26B1601000ACD2FA /* PBXContainerItemProxy */ = {
			isa = PBXContainerItemProxy;
			containerPortal = 6A678E7426B1600F00ACD2FA /* Project object */;
			proxyType = 1;
			remoteGlobalIDString = 6A678E7B26B1600F00ACD2FA;
			remoteInfo = WoocommerceApp;
		};
/* End PBXContainerItemProxy section */

/* Begin PBXFileReference section */
		0414C850C88AEC0F98A81BE1 /* Pods_WoocommerceApp_WoocommerceAppUITests.framework */ = {isa = PBXFileReference; explicitFileType = wrapper.framework; includeInIndex = 0; path = Pods_WoocommerceApp_WoocommerceAppUITests.framework; sourceTree = BUILT_PRODUCTS_DIR; };
		254E75400073F06FB57A2237 /* Pods-WoocommerceApp-WoocommerceAppUITests.release.xcconfig */ = {isa = PBXFileReference; includeInIndex = 1; lastKnownFileType = text.xcconfig; name = "Pods-WoocommerceApp-WoocommerceAppUITests.release.xcconfig"; path = "Target Support Files/Pods-WoocommerceApp-WoocommerceAppUITests/Pods-WoocommerceApp-WoocommerceAppUITests.release.xcconfig"; sourceTree = "<group>"; };
		25F6D3111342C6760442C71A /* Pods-WoocommerceApp.debug.xcconfig */ = {isa = PBXFileReference; includeInIndex = 1; lastKnownFileType = text.xcconfig; name = "Pods-WoocommerceApp.debug.xcconfig"; path = "Target Support Files/Pods-WoocommerceApp/Pods-WoocommerceApp.debug.xcconfig"; sourceTree = "<group>"; };
		2ECF4056A7D28AB08913F6B3 /* Pods-WoocommerceAppTests.release.xcconfig */ = {isa = PBXFileReference; includeInIndex = 1; lastKnownFileType = text.xcconfig; name = "Pods-WoocommerceAppTests.release.xcconfig"; path = "Target Support Files/Pods-WoocommerceAppTests/Pods-WoocommerceAppTests.release.xcconfig"; sourceTree = "<group>"; };
		6A23199826B2B6C400685864 /* CategoriesCollectionViewCell.swift */ = {isa = PBXFileReference; lastKnownFileType = sourcecode.swift; path = CategoriesCollectionViewCell.swift; sourceTree = "<group>"; };
		6A23199E26B2B7C200685864 /* Constants.swift */ = {isa = PBXFileReference; fileEncoding = 4; lastKnownFileType = sourcecode.swift; path = Constants.swift; sourceTree = "<group>"; };
		6A23199F26B2B7C200685864 /* WebApi.swift */ = {isa = PBXFileReference; fileEncoding = 4; lastKnownFileType = sourcecode.swift; path = WebApi.swift; sourceTree = "<group>"; };
		6A2319A026B2B7C200685864 /* HttpClient.swift */ = {isa = PBXFileReference; fileEncoding = 4; lastKnownFileType = sourcecode.swift; path = HttpClient.swift; sourceTree = "<group>"; };
		6A2319A826B2B9E300685864 /* CategoriesModel.swift */ = {isa = PBXFileReference; lastKnownFileType = sourcecode.swift; path = CategoriesModel.swift; sourceTree = "<group>"; };
		6A2319DB26B2BC9A00685864 /* UtilityFunctions.swift */ = {isa = PBXFileReference; fileEncoding = 4; lastKnownFileType = sourcecode.swift; path = UtilityFunctions.swift; sourceTree = "<group>"; };
		6A2319DC26B2BC9A00685864 /* NetworkManager.swift */ = {isa = PBXFileReference; fileEncoding = 4; lastKnownFileType = sourcecode.swift; path = NetworkManager.swift; sourceTree = "<group>"; };
		6A2319DD26B2BC9A00685864 /* UIWindowTransitionsManager.swift */ = {isa = PBXFileReference; fileEncoding = 4; lastKnownFileType = sourcecode.swift; path = UIWindowTransitionsManager.swift; sourceTree = "<group>"; };
		6A2319DE26B2BC9A00685864 /* Reachabilty.swift */ = {isa = PBXFileReference; fileEncoding = 4; lastKnownFileType = sourcecode.swift; path = Reachabilty.swift; sourceTree = "<group>"; };
		6A2319E626B2D78400685864 /* Extensions.swift */ = {isa = PBXFileReference; fileEncoding = 4; lastKnownFileType = sourcecode.swift; path = Extensions.swift; sourceTree = "<group>"; };
		6A3A458F26BA8116003867B0 /* ShopViewController.swift */ = {isa = PBXFileReference; lastKnownFileType = sourcecode.swift; path = ShopViewController.swift; sourceTree = "<group>"; };
		6A3A459426BAA044003867B0 /* ProductsCollectionViewCell.swift */ = {isa = PBXFileReference; lastKnownFileType = sourcecode.swift; path = ProductsCollectionViewCell.swift; sourceTree = "<group>"; };
		6A3A45A326BAA357003867B0 /* ProductModel.swift */ = {isa = PBXFileReference; lastKnownFileType = sourcecode.swift; path = ProductModel.swift; sourceTree = "<group>"; };
		6A3A45D626BAC16A003867B0 /* MenuTableViewCell.swift */ = {isa = PBXFileReference; lastKnownFileType = sourcecode.swift; path = MenuTableViewCell.swift; sourceTree = "<group>"; };
		6A3A45E026BAD703003867B0 /* ShopMenuCollectionViewCell.swift */ = {isa = PBXFileReference; lastKnownFileType = sourcecode.swift; path = ShopMenuCollectionViewCell.swift; sourceTree = "<group>"; };
		6A3A45EC26BAD814003867B0 /* ShopMenuViewController.swift */ = {isa = PBXFileReference; lastKnownFileType = sourcecode.swift; path = ShopMenuViewController.swift; sourceTree = "<group>"; };
		6A3A461426BAE4CE003867B0 /* ContentViewController1.swift */ = {isa = PBXFileReference; lastKnownFileType = sourcecode.swift; path = ContentViewController1.swift; sourceTree = "<group>"; };
		6A438A6626B3E50000C15004 /* SettingViewController.swift */ = {isa = PBXFileReference; lastKnownFileType = sourcecode.swift; path = SettingViewController.swift; sourceTree = "<group>"; };
		6A4E33FA26BBD6DD00BC8D0E /* BaseViewController.swift */ = {isa = PBXFileReference; fileEncoding = 4; lastKnownFileType = sourcecode.swift; path = BaseViewController.swift; sourceTree = "<group>"; };
		6A4E348826BC17E900BC8D0E /* BasicCell.swift */ = {isa = PBXFileReference; fileEncoding = 4; lastKnownFileType = sourcecode.swift; path = BasicCell.swift; sourceTree = "<group>"; };
		6A4E348926BC17E900BC8D0E /* ContentVC.swift */ = {isa = PBXFileReference; fileEncoding = 4; lastKnownFileType = sourcecode.swift; path = ContentVC.swift; sourceTree = "<group>"; };
		6A4E348B26BC17EA00BC8D0E /* PageControllerVC.swift */ = {isa = PBXFileReference; fileEncoding = 4; lastKnownFileType = sourcecode.swift; path = PageControllerVC.swift; sourceTree = "<group>"; };
		6A4E348C26BC17EA00BC8D0E /* MenuTabsView.swift */ = {isa = PBXFileReference; fileEncoding = 4; lastKnownFileType = sourcecode.swift; path = MenuTabsView.swift; sourceTree = "<group>"; };
		6A4E348D26BC17EA00BC8D0E /* ViewController.swift */ = {isa = PBXFileReference; fileEncoding = 4; lastKnownFileType = sourcecode.swift; path = ViewController.swift; sourceTree = "<group>"; };
		6A4F918B26B95A7C007BD473 /* ItemViewController.swift */ = {isa = PBXFileReference; fileEncoding = 4; lastKnownFileType = sourcecode.swift; path = ItemViewController.swift; sourceTree = "<group>"; };
		6A4F918C26B95A7C007BD473 /* TestViewController.swift */ = {isa = PBXFileReference; fileEncoding = 4; lastKnownFileType = sourcecode.swift; path = TestViewController.swift; sourceTree = "<group>"; };
		6A4F918D26B95A7C007BD473 /* MainViewController.swift */ = {isa = PBXFileReference; fileEncoding = 4; lastKnownFileType = sourcecode.swift; path = MainViewController.swift; sourceTree = "<group>"; };
		6A678E7C26B1600F00ACD2FA /* WoocommerceApp.app */ = {isa = PBXFileReference; explicitFileType = wrapper.application; includeInIndex = 0; path = WoocommerceApp.app; sourceTree = BUILT_PRODUCTS_DIR; };
		6A678E7F26B1600F00ACD2FA /* AppDelegate.swift */ = {isa = PBXFileReference; lastKnownFileType = sourcecode.swift; path = AppDelegate.swift; sourceTree = "<group>"; };
		6A678E8126B1600F00ACD2FA /* SceneDelegate.swift */ = {isa = PBXFileReference; lastKnownFileType = sourcecode.swift; path = SceneDelegate.swift; sourceTree = "<group>"; };
		6A678E8626B1600F00ACD2FA /* Base */ = {isa = PBXFileReference; lastKnownFileType = file.storyboard; name = Base; path = Base.lproj/Main.storyboard; sourceTree = "<group>"; };
		6A678E8826B1601000ACD2FA /* Assets.xcassets */ = {isa = PBXFileReference; lastKnownFileType = folder.assetcatalog; path = Assets.xcassets; sourceTree = "<group>"; };
		6A678E8B26B1601000ACD2FA /* Base */ = {isa = PBXFileReference; lastKnownFileType = file.storyboard; name = Base; path = Base.lproj/LaunchScreen.storyboard; sourceTree = "<group>"; };
		6A678E8D26B1601000ACD2FA /* Info.plist */ = {isa = PBXFileReference; lastKnownFileType = text.plist.xml; path = Info.plist; sourceTree = "<group>"; };
		6A678E9226B1601000ACD2FA /* WoocommerceAppTests.xctest */ = {isa = PBXFileReference; explicitFileType = wrapper.cfbundle; includeInIndex = 0; path = WoocommerceAppTests.xctest; sourceTree = BUILT_PRODUCTS_DIR; };
		6A678E9626B1601000ACD2FA /* WoocommerceAppTests.swift */ = {isa = PBXFileReference; lastKnownFileType = sourcecode.swift; path = WoocommerceAppTests.swift; sourceTree = "<group>"; };
		6A678E9826B1601000ACD2FA /* Info.plist */ = {isa = PBXFileReference; lastKnownFileType = text.plist.xml; path = Info.plist; sourceTree = "<group>"; };
		6A678E9D26B1601000ACD2FA /* WoocommerceAppUITests.xctest */ = {isa = PBXFileReference; explicitFileType = wrapper.cfbundle; includeInIndex = 0; path = WoocommerceAppUITests.xctest; sourceTree = BUILT_PRODUCTS_DIR; };
		6A678EA126B1601000ACD2FA /* WoocommerceAppUITests.swift */ = {isa = PBXFileReference; lastKnownFileType = sourcecode.swift; path = WoocommerceAppUITests.swift; sourceTree = "<group>"; };
		6A678EA326B1601000ACD2FA /* Info.plist */ = {isa = PBXFileReference; lastKnownFileType = text.plist.xml; path = Info.plist; sourceTree = "<group>"; };
		6A678EBD26B1682000ACD2FA /* HomeViewController.swift */ = {isa = PBXFileReference; lastKnownFileType = sourcecode.swift; path = HomeViewController.swift; sourceTree = "<group>"; };
		6A678ED826B16D6000ACD2FA /* LeftViewController.swift */ = {isa = PBXFileReference; lastKnownFileType = sourcecode.swift; path = LeftViewController.swift; sourceTree = "<group>"; };
		6A678EF126B172D900ACD2FA /* SideMenuController.swift */ = {isa = PBXFileReference; lastKnownFileType = sourcecode.swift; path = SideMenuController.swift; sourceTree = "<group>"; };
		6A678EF626B1760A00ACD2FA /* Helper.swift */ = {isa = PBXFileReference; fileEncoding = 4; lastKnownFileType = sourcecode.swift; path = Helper.swift; sourceTree = "<group>"; };
		6A905CC226B193C5009CDF01 /* AppConfig.swift */ = {isa = PBXFileReference; lastKnownFileType = sourcecode.swift; path = AppConfig.swift; sourceTree = "<group>"; };
		6AAE60C326BD70DB00EDEE12 /* loadingcard.json */ = {isa = PBXFileReference; fileEncoding = 4; lastKnownFileType = text.json; path = loadingcard.json; sourceTree = "<group>"; };
		6AAE60C926BD828500EDEE12 /* LeftViewCell.swift */ = {isa = PBXFileReference; fileEncoding = 4; lastKnownFileType = sourcecode.swift; path = LeftViewCell.swift; sourceTree = "<group>"; };
		6AAE60CA26BD828500EDEE12 /* LeftViewCellBackgroundView.swift */ = {isa = PBXFileReference; fileEncoding = 4; lastKnownFileType = sourcecode.swift; path = LeftViewCellBackgroundView.swift; sourceTree = "<group>"; };
		6ABA729E26BD44C400A864D1 /* DataManager.swift */ = {isa = PBXFileReference; lastKnownFileType = sourcecode.swift; path = DataManager.swift; sourceTree = "<group>"; };
		6ABA72A326BD514800A864D1 /* CommonMethods.swift */ = {isa = PBXFileReference; fileEncoding = 4; lastKnownFileType = sourcecode.swift; path = CommonMethods.swift; sourceTree = "<group>"; };
		6ABA72D326BD6A6200A864D1 /* loder.json */ = {isa = PBXFileReference; fileEncoding = 4; lastKnownFileType = text.json; path = loder.json; sourceTree = "<group>"; };
		790CE2E8A9363CD2ED35BE5D /* Pods_WoocommerceAppTests.framework */ = {isa = PBXFileReference; explicitFileType = wrapper.framework; includeInIndex = 0; path = Pods_WoocommerceAppTests.framework; sourceTree = BUILT_PRODUCTS_DIR; };
		84951616CC70AC9CC57ACCA0 /* Pods-WoocommerceAppTests.debug.xcconfig */ = {isa = PBXFileReference; includeInIndex = 1; lastKnownFileType = text.xcconfig; name = "Pods-WoocommerceAppTests.debug.xcconfig"; path = "Target Support Files/Pods-WoocommerceAppTests/Pods-WoocommerceAppTests.debug.xcconfig"; sourceTree = "<group>"; };
		9C71C4E211522D1A35BDD487 /* Pods-WoocommerceApp.release.xcconfig */ = {isa = PBXFileReference; includeInIndex = 1; lastKnownFileType = text.xcconfig; name = "Pods-WoocommerceApp.release.xcconfig"; path = "Target Support Files/Pods-WoocommerceApp/Pods-WoocommerceApp.release.xcconfig"; sourceTree = "<group>"; };
		A133E5C176CBA08A3E19D06D /* Pods_WoocommerceApp.framework */ = {isa = PBXFileReference; explicitFileType = wrapper.framework; includeInIndex = 0; path = Pods_WoocommerceApp.framework; sourceTree = BUILT_PRODUCTS_DIR; };
		D11B57CA9AF3990B321A2B54 /* Pods-WoocommerceApp-WoocommerceAppUITests.debug.xcconfig */ = {isa = PBXFileReference; includeInIndex = 1; lastKnownFileType = text.xcconfig; name = "Pods-WoocommerceApp-WoocommerceAppUITests.debug.xcconfig"; path = "Target Support Files/Pods-WoocommerceApp-WoocommerceAppUITests/Pods-WoocommerceApp-WoocommerceAppUITests.debug.xcconfig"; sourceTree = "<group>"; };
/* End PBXFileReference section */

/* Begin PBXFrameworksBuildPhase section */
		6A678E7926B1600F00ACD2FA /* Frameworks */ = {
			isa = PBXFrameworksBuildPhase;
			buildActionMask = 2147483647;
			files = (
				9F4C518213C2CF6823A66E5F /* Pods_WoocommerceApp.framework in Frameworks */,
			);
			runOnlyForDeploymentPostprocessing = 0;
		};
		6A678E8F26B1601000ACD2FA /* Frameworks */ = {
			isa = PBXFrameworksBuildPhase;
			buildActionMask = 2147483647;
			files = (
				F7513545583535F3BA586061 /* Pods_WoocommerceAppTests.framework in Frameworks */,
			);
			runOnlyForDeploymentPostprocessing = 0;
		};
		6A678E9A26B1601000ACD2FA /* Frameworks */ = {
			isa = PBXFrameworksBuildPhase;
			buildActionMask = 2147483647;
			files = (
				501CAC3F6C9A701D0CA5EE3D /* Pods_WoocommerceApp_WoocommerceAppUITests.framework in Frameworks */,
			);
			runOnlyForDeploymentPostprocessing = 0;
		};
/* End PBXFrameworksBuildPhase section */

/* Begin PBXGroup section */
		6A23199326B2A86600685864 /* Extensions */ = {
			isa = PBXGroup;
			children = (
				6ABA72A326BD514800A864D1 /* CommonMethods.swift */,
				6A2319E626B2D78400685864 /* Extensions.swift */,
			);
			path = Extensions;
			sourceTree = "<group>";
		};
		6A23199726B2B6AA00685864 /* CategoriesCollectionViewCell */ = {
			isa = PBXGroup;
			children = (
				6A23199826B2B6C400685864 /* CategoriesCollectionViewCell.swift */,
			);
			path = CategoriesCollectionViewCell;
			sourceTree = "<group>";
		};
		6A23199D26B2B76F00685864 /* ApiServices */ = {
			isa = PBXGroup;
			children = (
				6A23199E26B2B7C200685864 /* Constants.swift */,
				6A2319A026B2B7C200685864 /* HttpClient.swift */,
				6A23199F26B2B7C200685864 /* WebApi.swift */,
				6ABA729E26BD44C400A864D1 /* DataManager.swift */,
			);
			path = ApiServices;
			sourceTree = "<group>";
		};
		6A2319A726B2B9C300685864 /* Models */ = {
			isa = PBXGroup;
			children = (
				6A2319A826B2B9E300685864 /* CategoriesModel.swift */,
				6A3A45A326BAA357003867B0 /* ProductModel.swift */,
			);
			path = Models;
			sourceTree = "<group>";
		};
		6A2319DA26B2BC9A00685864 /* Managers */ = {
			isa = PBXGroup;
			children = (
				6A2319DB26B2BC9A00685864 /* UtilityFunctions.swift */,
				6A2319DC26B2BC9A00685864 /* NetworkManager.swift */,
				6A2319DD26B2BC9A00685864 /* UIWindowTransitionsManager.swift */,
				6A2319DE26B2BC9A00685864 /* Reachabilty.swift */,
			);
			path = Managers;
			sourceTree = "<group>";
		};
		6A3A45E526BAD707003867B0 /* ShopMenu */ = {
			isa = PBXGroup;
			children = (
				6A3A45E026BAD703003867B0 /* ShopMenuCollectionViewCell.swift */,
				6A3A45EC26BAD814003867B0 /* ShopMenuViewController.swift */,
			);
			path = ShopMenu;
			sourceTree = "<group>";
		};
		6A3A460626BAE0C1003867B0 /* ShopwithProducts */ = {
			isa = PBXGroup;
			children = (
				6A4E34B426BC26A800BC8D0E /* TabPagerViewFiles */,
				6A4E33FA26BBD6DD00BC8D0E /* BaseViewController.swift */,
				6A3A461426BAE4CE003867B0 /* ContentViewController1.swift */,
				6A4E348926BC17E900BC8D0E /* ContentVC.swift */,
				6A4E348D26BC17EA00BC8D0E /* ViewController.swift */,
			);
			path = ShopwithProducts;
			sourceTree = "<group>";
		};
		6A438A6226B3E4E400C15004 /* Setting */ = {
			isa = PBXGroup;
			children = (
				6A438A6626B3E50000C15004 /* SettingViewController.swift */,
			);
			path = Setting;
			sourceTree = "<group>";
		};
		6A4E34B426BC26A800BC8D0E /* TabPagerViewFiles */ = {
			isa = PBXGroup;
			children = (
				6A4E348826BC17E900BC8D0E /* BasicCell.swift */,
				6A4E348C26BC17EA00BC8D0E /* MenuTabsView.swift */,
				6A4E348B26BC17EA00BC8D0E /* PageControllerVC.swift */,
			);
			path = TabPagerViewFiles;
			sourceTree = "<group>";
		};
		6A678E7326B1600F00ACD2FA = {
			isa = PBXGroup;
			children = (
				6A678E7E26B1600F00ACD2FA /* WoocommerceApp */,
				6A678E9526B1601000ACD2FA /* WoocommerceAppTests */,
				6A678EA026B1601000ACD2FA /* WoocommerceAppUITests */,
				6A678E7D26B1600F00ACD2FA /* Products */,
				92357CE5A9A3E22229DBB0E0 /* Pods */,
				C0455E83183E6D6FB2550DF2 /* Frameworks */,
			);
			sourceTree = "<group>";
		};
		6A678E7D26B1600F00ACD2FA /* Products */ = {
			isa = PBXGroup;
			children = (
				6A678E7C26B1600F00ACD2FA /* WoocommerceApp.app */,
				6A678E9226B1601000ACD2FA /* WoocommerceAppTests.xctest */,
				6A678E9D26B1601000ACD2FA /* WoocommerceAppUITests.xctest */,
			);
			name = Products;
			sourceTree = "<group>";
		};
		6A678E7E26B1600F00ACD2FA /* WoocommerceApp */ = {
			isa = PBXGroup;
			children = (
				6ABA72D226BD6A5400A864D1 /* LottieFiles */,
				6A2319A726B2B9C300685864 /* Models */,
				6A23199D26B2B76F00685864 /* ApiServices */,
				6A905D0926B19E4A009CDF01 /* StoryBoard */,
				6A905CC126B193AA009CDF01 /* AppConfig */,
				6A678EBC26B1680600ACD2FA /* ViewControllers */,
				6A23199326B2A86600685864 /* Extensions */,
				6A2319DA26B2BC9A00685864 /* Managers */,
				6A678E7F26B1600F00ACD2FA /* AppDelegate.swift */,
				6A678E8126B1600F00ACD2FA /* SceneDelegate.swift */,
				6A678E8826B1601000ACD2FA /* Assets.xcassets */,
				6A678E8D26B1601000ACD2FA /* Info.plist */,
			);
			path = WoocommerceApp;
			sourceTree = "<group>";
		};
		6A678E9526B1601000ACD2FA /* WoocommerceAppTests */ = {
			isa = PBXGroup;
			children = (
				6A678E9626B1601000ACD2FA /* WoocommerceAppTests.swift */,
				6A678E9826B1601000ACD2FA /* Info.plist */,
			);
			path = WoocommerceAppTests;
			sourceTree = "<group>";
		};
		6A678EA026B1601000ACD2FA /* WoocommerceAppUITests */ = {
			isa = PBXGroup;
			children = (
				6A678EA126B1601000ACD2FA /* WoocommerceAppUITests.swift */,
				6A678EA326B1601000ACD2FA /* Info.plist */,
			);
			path = WoocommerceAppUITests;
			sourceTree = "<group>";
		};
		6A678EBC26B1680600ACD2FA /* ViewControllers */ = {
			isa = PBXGroup;
			children = (
				6A438A6226B3E4E400C15004 /* Setting */,
				6A678ED726B16D4500ACD2FA /* SideMenu */,
				6A678EC626B1682F00ACD2FA /* Shop */,
				6A678EC526B1682600ACD2FA /* Home */,
			);
			path = ViewControllers;
			sourceTree = "<group>";
		};
		6A678EC526B1682600ACD2FA /* Home */ = {
			isa = PBXGroup;
			children = (
				6A23199726B2B6AA00685864 /* CategoriesCollectionViewCell */,
				6A678EBD26B1682000ACD2FA /* HomeViewController.swift */,
			);
			path = Home;
			sourceTree = "<group>";
		};
		6A678EC626B1682F00ACD2FA /* Shop */ = {
			isa = PBXGroup;
			children = (
				6A3A460626BAE0C1003867B0 /* ShopwithProducts */,
				6A3A45E526BAD707003867B0 /* ShopMenu */,
				6A4F918B26B95A7C007BD473 /* ItemViewController.swift */,
				6A4F918D26B95A7C007BD473 /* MainViewController.swift */,
				6A4F918C26B95A7C007BD473 /* TestViewController.swift */,
				6A3A459426BAA044003867B0 /* ProductsCollectionViewCell.swift */,
				6A3A458F26BA8116003867B0 /* ShopViewController.swift */,
				6A3A45D626BAC16A003867B0 /* MenuTableViewCell.swift */,
			);
			path = Shop;
			sourceTree = "<group>";
		};
		6A678ED726B16D4500ACD2FA /* SideMenu */ = {
			isa = PBXGroup;
			children = (
				6A678EF626B1760A00ACD2FA /* Helper.swift */,
				6A678ED826B16D6000ACD2FA /* LeftViewController.swift */,
				6AAE60C926BD828500EDEE12 /* LeftViewCell.swift */,
				6AAE60CA26BD828500EDEE12 /* LeftViewCellBackgroundView.swift */,
				6A678EF126B172D900ACD2FA /* SideMenuController.swift */,
			);
			path = SideMenu;
			sourceTree = "<group>";
		};
		6A905CC126B193AA009CDF01 /* AppConfig */ = {
			isa = PBXGroup;
			children = (
				6A905CC226B193C5009CDF01 /* AppConfig.swift */,
			);
			path = AppConfig;
			sourceTree = "<group>";
		};
		6A905D0926B19E4A009CDF01 /* StoryBoard */ = {
			isa = PBXGroup;
			children = (
				6A678E8526B1600F00ACD2FA /* Main.storyboard */,
				6A678E8A26B1601000ACD2FA /* LaunchScreen.storyboard */,
			);
			path = StoryBoard;
			sourceTree = "<group>";
		};
		6ABA72D226BD6A5400A864D1 /* LottieFiles */ = {
			isa = PBXGroup;
			children = (
				6ABA72D326BD6A6200A864D1 /* loder.json */,
				6AAE60C326BD70DB00EDEE12 /* loadingcard.json */,
			);
			path = LottieFiles;
			sourceTree = "<group>";
		};
		92357CE5A9A3E22229DBB0E0 /* Pods */ = {
			isa = PBXGroup;
			children = (
				25F6D3111342C6760442C71A /* Pods-WoocommerceApp.debug.xcconfig */,
				9C71C4E211522D1A35BDD487 /* Pods-WoocommerceApp.release.xcconfig */,
				D11B57CA9AF3990B321A2B54 /* Pods-WoocommerceApp-WoocommerceAppUITests.debug.xcconfig */,
				254E75400073F06FB57A2237 /* Pods-WoocommerceApp-WoocommerceAppUITests.release.xcconfig */,
				84951616CC70AC9CC57ACCA0 /* Pods-WoocommerceAppTests.debug.xcconfig */,
				2ECF4056A7D28AB08913F6B3 /* Pods-WoocommerceAppTests.release.xcconfig */,
			);
			path = Pods;
			sourceTree = "<group>";
		};
		C0455E83183E6D6FB2550DF2 /* Frameworks */ = {
			isa = PBXGroup;
			children = (
				A133E5C176CBA08A3E19D06D /* Pods_WoocommerceApp.framework */,
				0414C850C88AEC0F98A81BE1 /* Pods_WoocommerceApp_WoocommerceAppUITests.framework */,
				790CE2E8A9363CD2ED35BE5D /* Pods_WoocommerceAppTests.framework */,
			);
			name = Frameworks;
			sourceTree = "<group>";
		};
/* End PBXGroup section */

/* Begin PBXNativeTarget section */
		6A678E7B26B1600F00ACD2FA /* WoocommerceApp */ = {
			isa = PBXNativeTarget;
			buildConfigurationList = 6A678EA626B1601000ACD2FA /* Build configuration list for PBXNativeTarget "WoocommerceApp" */;
			buildPhases = (
				CEB2435293FFC131D608E3BE /* [CP] Check Pods Manifest.lock */,
				6A678E7826B1600F00ACD2FA /* Sources */,
				6A678E7926B1600F00ACD2FA /* Frameworks */,
				6A678E7A26B1600F00ACD2FA /* Resources */,
				6CE8C86DC5631EC24228A6E2 /* [CP] Embed Pods Frameworks */,
			);
			buildRules = (
			);
			dependencies = (
			);
			name = WoocommerceApp;
			productName = WoocommerceApp;
			productReference = 6A678E7C26B1600F00ACD2FA /* WoocommerceApp.app */;
			productType = "com.apple.product-type.application";
		};
		6A678E9126B1601000ACD2FA /* WoocommerceAppTests */ = {
			isa = PBXNativeTarget;
			buildConfigurationList = 6A678EA926B1601000ACD2FA /* Build configuration list for PBXNativeTarget "WoocommerceAppTests" */;
			buildPhases = (
				CB4B77E098220F2461A2ADF7 /* [CP] Check Pods Manifest.lock */,
				6A678E8E26B1601000ACD2FA /* Sources */,
				6A678E8F26B1601000ACD2FA /* Frameworks */,
				6A678E9026B1601000ACD2FA /* Resources */,
			);
			buildRules = (
			);
			dependencies = (
				6A678E9426B1601000ACD2FA /* PBXTargetDependency */,
			);
			name = WoocommerceAppTests;
			productName = WoocommerceAppTests;
			productReference = 6A678E9226B1601000ACD2FA /* WoocommerceAppTests.xctest */;
			productType = "com.apple.product-type.bundle.unit-test";
		};
		6A678E9C26B1601000ACD2FA /* WoocommerceAppUITests */ = {
			isa = PBXNativeTarget;
			buildConfigurationList = 6A678EAC26B1601000ACD2FA /* Build configuration list for PBXNativeTarget "WoocommerceAppUITests" */;
			buildPhases = (
				3492A5B45DE165D83E38CFF8 /* [CP] Check Pods Manifest.lock */,
				6A678E9926B1601000ACD2FA /* Sources */,
				6A678E9A26B1601000ACD2FA /* Frameworks */,
				6A678E9B26B1601000ACD2FA /* Resources */,
				DB69F2136C399820B3F94AAC /* [CP] Embed Pods Frameworks */,
			);
			buildRules = (
			);
			dependencies = (
				6A678E9F26B1601000ACD2FA /* PBXTargetDependency */,
			);
			name = WoocommerceAppUITests;
			productName = WoocommerceAppUITests;
			productReference = 6A678E9D26B1601000ACD2FA /* WoocommerceAppUITests.xctest */;
			productType = "com.apple.product-type.bundle.ui-testing";
		};
/* End PBXNativeTarget section */

/* Begin PBXProject section */
		6A678E7426B1600F00ACD2FA /* Project object */ = {
			isa = PBXProject;
			attributes = {
				LastSwiftUpdateCheck = 1240;
				LastUpgradeCheck = 1240;
				TargetAttributes = {
					6A678E7B26B1600F00ACD2FA = {
						CreatedOnToolsVersion = 12.4;
					};
					6A678E9126B1601000ACD2FA = {
						CreatedOnToolsVersion = 12.4;
						TestTargetID = 6A678E7B26B1600F00ACD2FA;
					};
					6A678E9C26B1601000ACD2FA = {
						CreatedOnToolsVersion = 12.4;
						TestTargetID = 6A678E7B26B1600F00ACD2FA;
					};
				};
			};
			buildConfigurationList = 6A678E7726B1600F00ACD2FA /* Build configuration list for PBXProject "WoocommerceApp" */;
			compatibilityVersion = "Xcode 9.3";
			developmentRegion = en;
			hasScannedForEncodings = 0;
			knownRegions = (
				en,
				Base,
			);
			mainGroup = 6A678E7326B1600F00ACD2FA;
			productRefGroup = 6A678E7D26B1600F00ACD2FA /* Products */;
			projectDirPath = "";
			projectRoot = "";
			targets = (
				6A678E7B26B1600F00ACD2FA /* WoocommerceApp */,
				6A678E9126B1601000ACD2FA /* WoocommerceAppTests */,
				6A678E9C26B1601000ACD2FA /* WoocommerceAppUITests */,
			);
		};
/* End PBXProject section */

/* Begin PBXResourcesBuildPhase section */
		6A678E7A26B1600F00ACD2FA /* Resources */ = {
			isa = PBXResourcesBuildPhase;
			buildActionMask = 2147483647;
			files = (
				6ABA72D426BD6A6200A864D1 /* loder.json in Resources */,
				6A678E8C26B1601000ACD2FA /* LaunchScreen.storyboard in Resources */,
				6A678E8926B1601000ACD2FA /* Assets.xcassets in Resources */,
				6AAE60C426BD70DB00EDEE12 /* loadingcard.json in Resources */,
				6A678E8726B1600F00ACD2FA /* Main.storyboard in Resources */,
			);
			runOnlyForDeploymentPostprocessing = 0;
		};
		6A678E9026B1601000ACD2FA /* Resources */ = {
			isa = PBXResourcesBuildPhase;
			buildActionMask = 2147483647;
			files = (
			);
			runOnlyForDeploymentPostprocessing = 0;
		};
		6A678E9B26B1601000ACD2FA /* Resources */ = {
			isa = PBXResourcesBuildPhase;
			buildActionMask = 2147483647;
			files = (
			);
			runOnlyForDeploymentPostprocessing = 0;
		};
/* End PBXResourcesBuildPhase section */

/* Begin PBXShellScriptBuildPhase section */
		3492A5B45DE165D83E38CFF8 /* [CP] Check Pods Manifest.lock */ = {
			isa = PBXShellScriptBuildPhase;
			buildActionMask = 2147483647;
			files = (
			);
			inputFileListPaths = (
			);
			inputPaths = (
				"${PODS_PODFILE_DIR_PATH}/Podfile.lock",
				"${PODS_ROOT}/Manifest.lock",
			);
			name = "[CP] Check Pods Manifest.lock";
			outputFileListPaths = (
			);
			outputPaths = (
				"$(DERIVED_FILE_DIR)/Pods-WoocommerceApp-WoocommerceAppUITests-checkManifestLockResult.txt",
			);
			runOnlyForDeploymentPostprocessing = 0;
			shellPath = /bin/sh;
			shellScript = "diff \"${PODS_PODFILE_DIR_PATH}/Podfile.lock\" \"${PODS_ROOT}/Manifest.lock\" > /dev/null\nif [ $? != 0 ] ; then\n    # print error to STDERR\n    echo \"error: The sandbox is not in sync with the Podfile.lock. Run 'pod install' or update your CocoaPods installation.\" >&2\n    exit 1\nfi\n# This output is used by Xcode 'outputs' to avoid re-running this script phase.\necho \"SUCCESS\" > \"${SCRIPT_OUTPUT_FILE_0}\"\n";
			showEnvVarsInLog = 0;
		};
		6CE8C86DC5631EC24228A6E2 /* [CP] Embed Pods Frameworks */ = {
			isa = PBXShellScriptBuildPhase;
			buildActionMask = 2147483647;
			files = (
			);
			inputFileListPaths = (
				"${PODS_ROOT}/Target Support Files/Pods-WoocommerceApp/Pods-WoocommerceApp-frameworks-${CONFIGURATION}-input-files.xcfilelist",
			);
			name = "[CP] Embed Pods Frameworks";
			outputFileListPaths = (
				"${PODS_ROOT}/Target Support Files/Pods-WoocommerceApp/Pods-WoocommerceApp-frameworks-${CONFIGURATION}-output-files.xcfilelist",
			);
			runOnlyForDeploymentPostprocessing = 0;
			shellPath = /bin/sh;
			shellScript = "\"${PODS_ROOT}/Target Support Files/Pods-WoocommerceApp/Pods-WoocommerceApp-frameworks.sh\"\n";
			showEnvVarsInLog = 0;
		};
		CB4B77E098220F2461A2ADF7 /* [CP] Check Pods Manifest.lock */ = {
			isa = PBXShellScriptBuildPhase;
			buildActionMask = 2147483647;
			files = (
			);
			inputFileListPaths = (
			);
			inputPaths = (
				"${PODS_PODFILE_DIR_PATH}/Podfile.lock",
				"${PODS_ROOT}/Manifest.lock",
			);
			name = "[CP] Check Pods Manifest.lock";
			outputFileListPaths = (
			);
			outputPaths = (
				"$(DERIVED_FILE_DIR)/Pods-WoocommerceAppTests-checkManifestLockResult.txt",
			);
			runOnlyForDeploymentPostprocessing = 0;
			shellPath = /bin/sh;
			shellScript = "diff \"${PODS_PODFILE_DIR_PATH}/Podfile.lock\" \"${PODS_ROOT}/Manifest.lock\" > /dev/null\nif [ $? != 0 ] ; then\n    # print error to STDERR\n    echo \"error: The sandbox is not in sync with the Podfile.lock. Run 'pod install' or update your CocoaPods installation.\" >&2\n    exit 1\nfi\n# This output is used by Xcode 'outputs' to avoid re-running this script phase.\necho \"SUCCESS\" > \"${SCRIPT_OUTPUT_FILE_0}\"\n";
			showEnvVarsInLog = 0;
		};
		CEB2435293FFC131D608E3BE /* [CP] Check Pods Manifest.lock */ = {
			isa = PBXShellScriptBuildPhase;
			buildActionMask = 2147483647;
			files = (
			);
			inputFileListPaths = (
			);
			inputPaths = (
				"${PODS_PODFILE_DIR_PATH}/Podfile.lock",
				"${PODS_ROOT}/Manifest.lock",
			);
			name = "[CP] Check Pods Manifest.lock";
			outputFileListPaths = (
			);
			outputPaths = (
				"$(DERIVED_FILE_DIR)/Pods-WoocommerceApp-checkManifestLockResult.txt",
			);
			runOnlyForDeploymentPostprocessing = 0;
			shellPath = /bin/sh;
			shellScript = "diff \"${PODS_PODFILE_DIR_PATH}/Podfile.lock\" \"${PODS_ROOT}/Manifest.lock\" > /dev/null\nif [ $? != 0 ] ; then\n    # print error to STDERR\n    echo \"error: The sandbox is not in sync with the Podfile.lock. Run 'pod install' or update your CocoaPods installation.\" >&2\n    exit 1\nfi\n# This output is used by Xcode 'outputs' to avoid re-running this script phase.\necho \"SUCCESS\" > \"${SCRIPT_OUTPUT_FILE_0}\"\n";
			showEnvVarsInLog = 0;
		};
		DB69F2136C399820B3F94AAC /* [CP] Embed Pods Frameworks */ = {
			isa = PBXShellScriptBuildPhase;
			buildActionMask = 2147483647;
			files = (
			);
			inputFileListPaths = (
				"${PODS_ROOT}/Target Support Files/Pods-WoocommerceApp-WoocommerceAppUITests/Pods-WoocommerceApp-WoocommerceAppUITests-frameworks-${CONFIGURATION}-input-files.xcfilelist",
			);
			name = "[CP] Embed Pods Frameworks";
			outputFileListPaths = (
				"${PODS_ROOT}/Target Support Files/Pods-WoocommerceApp-WoocommerceAppUITests/Pods-WoocommerceApp-WoocommerceAppUITests-frameworks-${CONFIGURATION}-output-files.xcfilelist",
			);
			runOnlyForDeploymentPostprocessing = 0;
			shellPath = /bin/sh;
			shellScript = "\"${PODS_ROOT}/Target Support Files/Pods-WoocommerceApp-WoocommerceAppUITests/Pods-WoocommerceApp-WoocommerceAppUITests-frameworks.sh\"\n";
			showEnvVarsInLog = 0;
		};
/* End PBXShellScriptBuildPhase section */

/* Begin PBXSourcesBuildPhase section */
		6A678E7826B1600F00ACD2FA /* Sources */ = {
			isa = PBXSourcesBuildPhase;
			buildActionMask = 2147483647;
			files = (
				6A2319E226B2BC9A00685864 /* Reachabilty.swift in Sources */,
				6A4F919026B95A7C007BD473 /* MainViewController.swift in Sources */,
				6A4F918F26B95A7C007BD473 /* TestViewController.swift in Sources */,
				6ABA72A426BD514800A864D1 /* CommonMethods.swift in Sources */,
				6A4E33FB26BBD6DD00BC8D0E /* BaseViewController.swift in Sources */,
				6A2319A126B2B7C200685864 /* Constants.swift in Sources */,
				6A678E8026B1600F00ACD2FA /* AppDelegate.swift in Sources */,
				6A2319DF26B2BC9A00685864 /* UtilityFunctions.swift in Sources */,
				6A2319E026B2BC9A00685864 /* NetworkManager.swift in Sources */,
				6A905CC326B193C5009CDF01 /* AppConfig.swift in Sources */,
				6A2319E726B2D78500685864 /* Extensions.swift in Sources */,
				6A4E348E26BC17EA00BC8D0E /* BasicCell.swift in Sources */,
				6A3A45E126BAD703003867B0 /* ShopMenuCollectionViewCell.swift in Sources */,
				6A2319E126B2BC9A00685864 /* UIWindowTransitionsManager.swift in Sources */,
				6A23199926B2B6C400685864 /* CategoriesCollectionViewCell.swift in Sources */,
				6A3A45ED26BAD814003867B0 /* ShopMenuViewController.swift in Sources */,
				6A3A461526BAE4CE003867B0 /* ContentViewController1.swift in Sources */,
				6AAE60CB26BD828500EDEE12 /* LeftViewCell.swift in Sources */,
				6A3A459526BAA044003867B0 /* ProductsCollectionViewCell.swift in Sources */,
				6A678ED926B16D6000ACD2FA /* LeftViewController.swift in Sources */,
				6A2319A326B2B7C200685864 /* HttpClient.swift in Sources */,
				6A678EF226B172D900ACD2FA /* SideMenuController.swift in Sources */,
				6A4F918E26B95A7C007BD473 /* ItemViewController.swift in Sources */,
				6A678E8226B1600F00ACD2FA /* SceneDelegate.swift in Sources */,
				6A438A6726B3E50000C15004 /* SettingViewController.swift in Sources */,
				6A3A45A426BAA357003867B0 /* ProductModel.swift in Sources */,
				6A678EBE26B1682000ACD2FA /* HomeViewController.swift in Sources */,
				6A4E349326BC17EA00BC8D0E /* ViewController.swift in Sources */,
				6A2319A926B2B9E300685864 /* CategoriesModel.swift in Sources */,
				6A3A45D726BAC16A003867B0 /* MenuTableViewCell.swift in Sources */,
				6A4E348F26BC17EA00BC8D0E /* ContentVC.swift in Sources */,
				6A678EF726B1760A00ACD2FA /* Helper.swift in Sources */,
				6A3A459026BA8116003867B0 /* ShopViewController.swift in Sources */,
				6ABA729F26BD44C400A864D1 /* DataManager.swift in Sources */,
				6AAE60CC26BD828500EDEE12 /* LeftViewCellBackgroundView.swift in Sources */,
				6A2319A226B2B7C200685864 /* WebApi.swift in Sources */,
				6A4E349126BC17EA00BC8D0E /* PageControllerVC.swift in Sources */,
				6A4E349226BC17EA00BC8D0E /* MenuTabsView.swift in Sources */,
			);
			runOnlyForDeploymentPostprocessing = 0;
		};
		6A678E8E26B1601000ACD2FA /* Sources */ = {
			isa = PBXSourcesBuildPhase;
			buildActionMask = 2147483647;
			files = (
				6A678E9726B1601000ACD2FA /* WoocommerceAppTests.swift in Sources */,
			);
			runOnlyForDeploymentPostprocessing = 0;
		};
		6A678E9926B1601000ACD2FA /* Sources */ = {
			isa = PBXSourcesBuildPhase;
			buildActionMask = 2147483647;
			files = (
				6A678EA226B1601000ACD2FA /* WoocommerceAppUITests.swift in Sources */,
			);
			runOnlyForDeploymentPostprocessing = 0;
		};
/* End PBXSourcesBuildPhase section */

/* Begin PBXTargetDependency section */
		6A678E9426B1601000ACD2FA /* PBXTargetDependency */ = {
			isa = PBXTargetDependency;
			target = 6A678E7B26B1600F00ACD2FA /* WoocommerceApp */;
			targetProxy = 6A678E9326B1601000ACD2FA /* PBXContainerItemProxy */;
		};
		6A678E9F26B1601000ACD2FA /* PBXTargetDependency */ = {
			isa = PBXTargetDependency;
			target = 6A678E7B26B1600F00ACD2FA /* WoocommerceApp */;
			targetProxy = 6A678E9E26B1601000ACD2FA /* PBXContainerItemProxy */;
		};
/* End PBXTargetDependency section */

/* Begin PBXVariantGroup section */
		6A678E8526B1600F00ACD2FA /* Main.storyboard */ = {
			isa = PBXVariantGroup;
			children = (
				6A678E8626B1600F00ACD2FA /* Base */,
			);
			name = Main.storyboard;
			sourceTree = "<group>";
		};
		6A678E8A26B1601000ACD2FA /* LaunchScreen.storyboard */ = {
			isa = PBXVariantGroup;
			children = (
				6A678E8B26B1601000ACD2FA /* Base */,
			);
			name = LaunchScreen.storyboard;
			sourceTree = "<group>";
		};
/* End PBXVariantGroup section */

/* Begin XCBuildConfiguration section */
		6A678EA426B1601000ACD2FA /* Debug */ = {
			isa = XCBuildConfiguration;
			buildSettings = {
				ALWAYS_SEARCH_USER_PATHS = NO;
				CLANG_ANALYZER_NONNULL = YES;
				CLANG_ANALYZER_NUMBER_OBJECT_CONVERSION = YES_AGGRESSIVE;
				CLANG_CXX_LANGUAGE_STANDARD = "gnu++14";
				CLANG_CXX_LIBRARY = "libc++";
				CLANG_ENABLE_MODULES = YES;
				CLANG_ENABLE_OBJC_ARC = YES;
				CLANG_ENABLE_OBJC_WEAK = YES;
				CLANG_WARN_BLOCK_CAPTURE_AUTORELEASING = YES;
				CLANG_WARN_BOOL_CONVERSION = YES;
				CLANG_WARN_COMMA = YES;
				CLANG_WARN_CONSTANT_CONVERSION = YES;
				CLANG_WARN_DEPRECATED_OBJC_IMPLEMENTATIONS = YES;
				CLANG_WARN_DIRECT_OBJC_ISA_USAGE = YES_ERROR;
				CLANG_WARN_DOCUMENTATION_COMMENTS = YES;
				CLANG_WARN_EMPTY_BODY = YES;
				CLANG_WARN_ENUM_CONVERSION = YES;
				CLANG_WARN_INFINITE_RECURSION = YES;
				CLANG_WARN_INT_CONVERSION = YES;
				CLANG_WARN_NON_LITERAL_NULL_CONVERSION = YES;
				CLANG_WARN_OBJC_IMPLICIT_RETAIN_SELF = YES;
				CLANG_WARN_OBJC_LITERAL_CONVERSION = YES;
				CLANG_WARN_OBJC_ROOT_CLASS = YES_ERROR;
				CLANG_WARN_QUOTED_INCLUDE_IN_FRAMEWORK_HEADER = YES;
				CLANG_WARN_RANGE_LOOP_ANALYSIS = YES;
				CLANG_WARN_STRICT_PROTOTYPES = YES;
				CLANG_WARN_SUSPICIOUS_MOVE = YES;
				CLANG_WARN_UNGUARDED_AVAILABILITY = YES_AGGRESSIVE;
				CLANG_WARN_UNREACHABLE_CODE = YES;
				CLANG_WARN__DUPLICATE_METHOD_MATCH = YES;
				COPY_PHASE_STRIP = NO;
				DEBUG_INFORMATION_FORMAT = dwarf;
				ENABLE_STRICT_OBJC_MSGSEND = YES;
				ENABLE_TESTABILITY = YES;
				GCC_C_LANGUAGE_STANDARD = gnu11;
				GCC_DYNAMIC_NO_PIC = NO;
				GCC_NO_COMMON_BLOCKS = YES;
				GCC_OPTIMIZATION_LEVEL = 0;
				GCC_PREPROCESSOR_DEFINITIONS = (
					"DEBUG=1",
					"$(inherited)",
				);
				GCC_WARN_64_TO_32_BIT_CONVERSION = YES;
				GCC_WARN_ABOUT_RETURN_TYPE = YES_ERROR;
				GCC_WARN_UNDECLARED_SELECTOR = YES;
				GCC_WARN_UNINITIALIZED_AUTOS = YES_AGGRESSIVE;
				GCC_WARN_UNUSED_FUNCTION = YES;
				GCC_WARN_UNUSED_VARIABLE = YES;
				IPHONEOS_DEPLOYMENT_TARGET = 14.4;
				MTL_ENABLE_DEBUG_INFO = INCLUDE_SOURCE;
				MTL_FAST_MATH = YES;
				ONLY_ACTIVE_ARCH = YES;
				SDKROOT = iphoneos;
				SWIFT_ACTIVE_COMPILATION_CONDITIONS = DEBUG;
				SWIFT_OPTIMIZATION_LEVEL = "-Onone";
			};
			name = Debug;
		};
		6A678EA526B1601000ACD2FA /* Release */ = {
			isa = XCBuildConfiguration;
			buildSettings = {
				ALWAYS_SEARCH_USER_PATHS = NO;
				CLANG_ANALYZER_NONNULL = YES;
				CLANG_ANALYZER_NUMBER_OBJECT_CONVERSION = YES_AGGRESSIVE;
				CLANG_CXX_LANGUAGE_STANDARD = "gnu++14";
				CLANG_CXX_LIBRARY = "libc++";
				CLANG_ENABLE_MODULES = YES;
				CLANG_ENABLE_OBJC_ARC = YES;
				CLANG_ENABLE_OBJC_WEAK = YES;
				CLANG_WARN_BLOCK_CAPTURE_AUTORELEASING = YES;
				CLANG_WARN_BOOL_CONVERSION = YES;
				CLANG_WARN_COMMA = YES;
				CLANG_WARN_CONSTANT_CONVERSION = YES;
				CLANG_WARN_DEPRECATED_OBJC_IMPLEMENTATIONS = YES;
				CLANG_WARN_DIRECT_OBJC_ISA_USAGE = YES_ERROR;
				CLANG_WARN_DOCUMENTATION_COMMENTS = YES;
				CLANG_WARN_EMPTY_BODY = YES;
				CLANG_WARN_ENUM_CONVERSION = YES;
				CLANG_WARN_INFINITE_RECURSION = YES;
				CLANG_WARN_INT_CONVERSION = YES;
				CLANG_WARN_NON_LITERAL_NULL_CONVERSION = YES;
				CLANG_WARN_OBJC_IMPLICIT_RETAIN_SELF = YES;
				CLANG_WARN_OBJC_LITERAL_CONVERSION = YES;
				CLANG_WARN_OBJC_ROOT_CLASS = YES_ERROR;
				CLANG_WARN_QUOTED_INCLUDE_IN_FRAMEWORK_HEADER = YES;
				CLANG_WARN_RANGE_LOOP_ANALYSIS = YES;
				CLANG_WARN_STRICT_PROTOTYPES = YES;
				CLANG_WARN_SUSPICIOUS_MOVE = YES;
				CLANG_WARN_UNGUARDED_AVAILABILITY = YES_AGGRESSIVE;
				CLANG_WARN_UNREACHABLE_CODE = YES;
				CLANG_WARN__DUPLICATE_METHOD_MATCH = YES;
				COPY_PHASE_STRIP = NO;
				DEBUG_INFORMATION_FORMAT = "dwarf-with-dsym";
				ENABLE_NS_ASSERTIONS = NO;
				ENABLE_STRICT_OBJC_MSGSEND = YES;
				GCC_C_LANGUAGE_STANDARD = gnu11;
				GCC_NO_COMMON_BLOCKS = YES;
				GCC_WARN_64_TO_32_BIT_CONVERSION = YES;
				GCC_WARN_ABOUT_RETURN_TYPE = YES_ERROR;
				GCC_WARN_UNDECLARED_SELECTOR = YES;
				GCC_WARN_UNINITIALIZED_AUTOS = YES_AGGRESSIVE;
				GCC_WARN_UNUSED_FUNCTION = YES;
				GCC_WARN_UNUSED_VARIABLE = YES;
				IPHONEOS_DEPLOYMENT_TARGET = 14.4;
				MTL_ENABLE_DEBUG_INFO = NO;
				MTL_FAST_MATH = YES;
				SDKROOT = iphoneos;
				SWIFT_COMPILATION_MODE = wholemodule;
				SWIFT_OPTIMIZATION_LEVEL = "-O";
				VALIDATE_PRODUCT = YES;
			};
			name = Release;
		};
		6A678EA726B1601000ACD2FA /* Debug */ = {
			isa = XCBuildConfiguration;
			baseConfigurationReference = 25F6D3111342C6760442C71A /* Pods-WoocommerceApp.debug.xcconfig */;
			buildSettings = {
				ASSETCATALOG_COMPILER_APPICON_NAME = AppIcon;
				ASSETCATALOG_COMPILER_GLOBAL_ACCENT_COLOR_NAME = AccentColor;
				CODE_SIGN_STYLE = Automatic;
				DEVELOPMENT_TEAM = Y76WZKV5TP;
				INFOPLIST_FILE = WoocommerceApp/Info.plist;
				LD_RUNPATH_SEARCH_PATHS = (
					"$(inherited)",
					"@executable_path/Frameworks",
				);
				PRODUCT_BUNDLE_IDENTIFIER = com.xintsolutions.WoocommerceApp;
				PRODUCT_NAME = "$(TARGET_NAME)";
				SWIFT_VERSION = 5.0;
				TARGETED_DEVICE_FAMILY = 1;
			};
			name = Debug;
		};
		6A678EA826B1601000ACD2FA /* Release */ = {
			isa = XCBuildConfiguration;
			baseConfigurationReference = 9C71C4E211522D1A35BDD487 /* Pods-WoocommerceApp.release.xcconfig */;
			buildSettings = {
				ASSETCATALOG_COMPILER_APPICON_NAME = AppIcon;
				ASSETCATALOG_COMPILER_GLOBAL_ACCENT_COLOR_NAME = AccentColor;
				CODE_SIGN_STYLE = Automatic;
				DEVELOPMENT_TEAM = Y76WZKV5TP;
				INFOPLIST_FILE = WoocommerceApp/Info.plist;
				LD_RUNPATH_SEARCH_PATHS = (
					"$(inherited)",
					"@executable_path/Frameworks",
				);
				PRODUCT_BUNDLE_IDENTIFIER = com.xintsolutions.WoocommerceApp;
				PRODUCT_NAME = "$(TARGET_NAME)";
				SWIFT_VERSION = 5.0;
				TARGETED_DEVICE_FAMILY = 1;
			};
			name = Release;
		};
		6A678EAA26B1601000ACD2FA /* Debug */ = {
			isa = XCBuildConfiguration;
			baseConfigurationReference = 84951616CC70AC9CC57ACCA0 /* Pods-WoocommerceAppTests.debug.xcconfig */;
			buildSettings = {
				ALWAYS_EMBED_SWIFT_STANDARD_LIBRARIES = YES;
				BUNDLE_LOADER = "$(TEST_HOST)";
				CODE_SIGN_STYLE = Automatic;
				DEVELOPMENT_TEAM = Y76WZKV5TP;
				INFOPLIST_FILE = WoocommerceAppTests/Info.plist;
				IPHONEOS_DEPLOYMENT_TARGET = 14.4;
				LD_RUNPATH_SEARCH_PATHS = (
					"$(inherited)",
					"@executable_path/Frameworks",
					"@loader_path/Frameworks",
				);
				PRODUCT_BUNDLE_IDENTIFIER = com.xintsolutions.WoocommerceAppTests;
				PRODUCT_NAME = "$(TARGET_NAME)";
				SWIFT_VERSION = 5.0;
				TARGETED_DEVICE_FAMILY = "1,2";
				TEST_HOST = "$(BUILT_PRODUCTS_DIR)/WoocommerceApp.app/WoocommerceApp";
			};
			name = Debug;
		};
		6A678EAB26B1601000ACD2FA /* Release */ = {
			isa = XCBuildConfiguration;
			baseConfigurationReference = 2ECF4056A7D28AB08913F6B3 /* Pods-WoocommerceAppTests.release.xcconfig */;
			buildSettings = {
				ALWAYS_EMBED_SWIFT_STANDARD_LIBRARIES = YES;
				BUNDLE_LOADER = "$(TEST_HOST)";
				CODE_SIGN_STYLE = Automatic;
				DEVELOPMENT_TEAM = Y76WZKV5TP;
				INFOPLIST_FILE = WoocommerceAppTests/Info.plist;
				IPHONEOS_DEPLOYMENT_TARGET = 14.4;
				LD_RUNPATH_SEARCH_PATHS = (
					"$(inherited)",
					"@executable_path/Frameworks",
					"@loader_path/Frameworks",
				);
				PRODUCT_BUNDLE_IDENTIFIER = com.xintsolutions.WoocommerceAppTests;
				PRODUCT_NAME = "$(TARGET_NAME)";
				SWIFT_VERSION = 5.0;
				TARGETED_DEVICE_FAMILY = "1,2";
				TEST_HOST = "$(BUILT_PRODUCTS_DIR)/WoocommerceApp.app/WoocommerceApp";
			};
			name = Release;
		};
		6A678EAD26B1601000ACD2FA /* Debug */ = {
			isa = XCBuildConfiguration;
			baseConfigurationReference = D11B57CA9AF3990B321A2B54 /* Pods-WoocommerceApp-WoocommerceAppUITests.debug.xcconfig */;
			buildSettings = {
				ALWAYS_EMBED_SWIFT_STANDARD_LIBRARIES = YES;
				CODE_SIGN_STYLE = Automatic;
				DEVELOPMENT_TEAM = Y76WZKV5TP;
				INFOPLIST_FILE = WoocommerceAppUITests/Info.plist;
				LD_RUNPATH_SEARCH_PATHS = (
					"$(inherited)",
					"@executable_path/Frameworks",
					"@loader_path/Frameworks",
				);
				PRODUCT_BUNDLE_IDENTIFIER = com.xintsolutions.WoocommerceAppUITests;
				PRODUCT_NAME = "$(TARGET_NAME)";
				SWIFT_VERSION = 5.0;
				TARGETED_DEVICE_FAMILY = "1,2";
				TEST_TARGET_NAME = WoocommerceApp;
			};
			name = Debug;
		};
		6A678EAE26B1601000ACD2FA /* Release */ = {
			isa = XCBuildConfiguration;
			baseConfigurationReference = 254E75400073F06FB57A2237 /* Pods-WoocommerceApp-WoocommerceAppUITests.release.xcconfig */;
			buildSettings = {
				ALWAYS_EMBED_SWIFT_STANDARD_LIBRARIES = YES;
				CODE_SIGN_STYLE = Automatic;
				DEVELOPMENT_TEAM = Y76WZKV5TP;
				INFOPLIST_FILE = WoocommerceAppUITests/Info.plist;
				LD_RUNPATH_SEARCH_PATHS = (
					"$(inherited)",
					"@executable_path/Frameworks",
					"@loader_path/Frameworks",
				);
				PRODUCT_BUNDLE_IDENTIFIER = com.xintsolutions.WoocommerceAppUITests;
				PRODUCT_NAME = "$(TARGET_NAME)";
				SWIFT_VERSION = 5.0;
				TARGETED_DEVICE_FAMILY = "1,2";
				TEST_TARGET_NAME = WoocommerceApp;
			};
			name = Release;
		};
/* End XCBuildConfiguration section */

/* Begin XCConfigurationList section */
		6A678E7726B1600F00ACD2FA /* Build configuration list for PBXProject "WoocommerceApp" */ = {
			isa = XCConfigurationList;
			buildConfigurations = (
				6A678EA426B1601000ACD2FA /* Debug */,
				6A678EA526B1601000ACD2FA /* Release */,
			);
			defaultConfigurationIsVisible = 0;
			defaultConfigurationName = Release;
		};
		6A678EA626B1601000ACD2FA /* Build configuration list for PBXNativeTarget "WoocommerceApp" */ = {
			isa = XCConfigurationList;
			buildConfigurations = (
				6A678EA726B1601000ACD2FA /* Debug */,
				6A678EA826B1601000ACD2FA /* Release */,
			);
			defaultConfigurationIsVisible = 0;
			defaultConfigurationName = Release;
		};
		6A678EA926B1601000ACD2FA /* Build configuration list for PBXNativeTarget "WoocommerceAppTests" */ = {
			isa = XCConfigurationList;
			buildConfigurations = (
				6A678EAA26B1601000ACD2FA /* Debug */,
				6A678EAB26B1601000ACD2FA /* Release */,
			);
			defaultConfigurationIsVisible = 0;
			defaultConfigurationName = Release;
		};
		6A678EAC26B1601000ACD2FA /* Build configuration list for PBXNativeTarget "WoocommerceAppUITests" */ = {
			isa = XCConfigurationList;
			buildConfigurations = (
				6A678EAD26B1601000ACD2FA /* Debug */,
				6A678EAE26B1601000ACD2FA /* Release */,
			);
			defaultConfigurationIsVisible = 0;
			defaultConfigurationName = Release;
		};
/* End XCConfigurationList section */
	};
	rootObject = 6A678E7426B1600F00ACD2FA /* Project object */;
}
